
Microsoft Visual Studio Solution File, Format Version 12.00
# Visual Studio Version 17
VisualStudioVersion = 17.7.34024.191
MinimumVisualStudioVersion = 10.0.40219.1
Project("{FAE04EC0-301F-11D3-BF4B-00C04F79EFBC}") = "RawProducts", "RawProducts\RawProducts.csproj", "{43CDA490-2D75-4ADC-8A61-C1D4E4241617}"
EndProject
Global
	GlobalSection(SolutionConfigurationPlatforms) = preSolution
		Debug|Any CPU = Debug|Any CPU
		Release|Any CPU = Release|Any CPU
	EndGlobalSection
	GlobalSection(ProjectConfigurationPlatforms) = postSolution
		{43CDA490-2D75-4ADC-8A61-C1D4E4241617}.Debug|Any CPU.ActiveCfg = Debug|Any CPU
		{43CDA490-2D75-4ADC-8A61-C1D4E4241617}.Debug|Any CPU.Build.0 = Debug|Any CPU
		{43CDA490-2D75-4ADC-8A61-C1D4E4241617}.Release|Any CPU.ActiveCfg = Release|Any CPU
		{43CDA490-2D75-4ADC-8A61-C1D4E4241617}.Release|Any CPU.Build.0 = Release|Any CPU
	EndGlobalSection
	GlobalSection(SolutionProperties) = preSolution
		HideSolutionNode = FALSE
	EndGlobalSection
	GlobalSection(ExtensibilityGlobals) = postSolution
		SolutionGuid = {23D062CD-2282-411A-A72A-A52B453E5608}
	EndGlobalSection
EndGlobal
